
Microsoft Visual Studio Solution File, Format Version 12.00
# Visual Studio Version 16
VisualStudioVersion = 16.0.31321.278
MinimumVisualStudioVersion = 10.0.40219.1
Project("{FAE04EC0-301F-11D3-BF4B-00C04F79EFBC}") = "ServiciosBancarios", "ServiciosBancarios\ServiciosBancarios.csproj", "{CBCC7BC4-321F-43F8-8A11-864706046BF5}"
EndProject
Project("{FAE04EC0-301F-11D3-BF4B-00C04F79EFBC}") = "ServiciosBancarios.Datos", "ServiciosBancarios.Datos\ServiciosBancarios.Datos.csproj", "{029F3402-F680-4181-814F-55214D2EAAE4}"
EndProject
Project("{FAE04EC0-301F-11D3-BF4B-00C04F79EFBC}") = "ServiciosBancarios.Logica", "ServiciosBancarios.Logica\ServiciosBancarios.Logica.csproj", "{B366E4F0-1BB7-4AF6-8EBD-BC9FF02669F9}"
EndProject
Project("{FAE04EC0-301F-11D3-BF4B-00C04F79EFBC}") = "ServiciosBancarios.DTO", "ServiciosBancarios.DTO\ServiciosBancarios.DTO.csproj", "{79675C12-2FA0-4D2D-B085-BB0DF5931A79}"
EndProject
Project("{FAE04EC0-301F-11D3-BF4B-00C04F79EFBC}") = "WinTestData", "WinTestData\WinTestData.csproj", "{C0258222-7422-4D72-8457-253FDEE1EE30}"
EndProject
Global
	GlobalSection(SolutionConfigurationPlatforms) = preSolution
		Debug|Any CPU = Debug|Any CPU
		Release|Any CPU = Release|Any CPU
	EndGlobalSection
	GlobalSection(ProjectConfigurationPlatforms) = postSolution
		{CBCC7BC4-321F-43F8-8A11-864706046BF5}.Debug|Any CPU.ActiveCfg = Debug|Any CPU
		{CBCC7BC4-321F-43F8-8A11-864706046BF5}.Debug|Any CPU.Build.0 = Debug|Any CPU
		{CBCC7BC4-321F-43F8-8A11-864706046BF5}.Release|Any CPU.ActiveCfg = Release|Any CPU
		{CBCC7BC4-321F-43F8-8A11-864706046BF5}.Release|Any CPU.Build.0 = Release|Any CPU
		{029F3402-F680-4181-814F-55214D2EAAE4}.Debug|Any CPU.ActiveCfg = Debug|Any CPU
		{029F3402-F680-4181-814F-55214D2EAAE4}.Debug|Any CPU.Build.0 = Debug|Any CPU
		{029F3402-F680-4181-814F-55214D2EAAE4}.Release|Any CPU.ActiveCfg = Release|Any CPU
		{029F3402-F680-4181-814F-55214D2EAAE4}.Release|Any CPU.Build.0 = Release|Any CPU
		{B366E4F0-1BB7-4AF6-8EBD-BC9FF02669F9}.Debug|Any CPU.ActiveCfg = Debug|Any CPU
		{B366E4F0-1BB7-4AF6-8EBD-BC9FF02669F9}.Debug|Any CPU.Build.0 = Debug|Any CPU
		{B366E4F0-1BB7-4AF6-8EBD-BC9FF02669F9}.Release|Any CPU.ActiveCfg = Release|Any CPU
		{B366E4F0-1BB7-4AF6-8EBD-BC9FF02669F9}.Release|Any CPU.Build.0 = Release|Any CPU
		{79675C12-2FA0-4D2D-B085-BB0DF5931A79}.Debug|Any CPU.ActiveCfg = Debug|Any CPU
		{79675C12-2FA0-4D2D-B085-BB0DF5931A79}.Debug|Any CPU.Build.0 = Debug|Any CPU
		{79675C12-2FA0-4D2D-B085-BB0DF5931A79}.Release|Any CPU.ActiveCfg = Release|Any CPU
		{79675C12-2FA0-4D2D-B085-BB0DF5931A79}.Release|Any CPU.Build.0 = Release|Any CPU
		{C0258222-7422-4D72-8457-253FDEE1EE30}.Debug|Any CPU.ActiveCfg = Debug|Any CPU
		{C0258222-7422-4D72-8457-253FDEE1EE30}.Debug|Any CPU.Build.0 = Debug|Any CPU
		{C0258222-7422-4D72-8457-253FDEE1EE30}.Release|Any CPU.ActiveCfg = Release|Any CPU
		{C0258222-7422-4D72-8457-253FDEE1EE30}.Release|Any CPU.Build.0 = Release|Any CPU
	EndGlobalSection
	GlobalSection(SolutionProperties) = preSolution
		HideSolutionNode = FALSE
	EndGlobalSection
	GlobalSection(ExtensibilityGlobals) = postSolution
		SolutionGuid = {E2EE0F27-6B6C-4EDF-8101-305F21CFB86A}
	EndGlobalSection
EndGlobal
